{
    "_readme": [
        "This file locks the dependencies of your project to a known state",
        "Read more about it at https://getcomposer.org/doc/01-basic-usage.md#installing-dependencies",
        "This file is @generated automatically"
    ],
    "content-hash": "ab34ba856fa7cc8c4f01079010337ba0",
    "packages": [
        {
            "name": "backdrop-dev/fonts",
            "version": "dev-develop",
            "source": {
                "type": "git",
                "url": "https://github.com/backdrop-dev/fonts.git",
                "reference": "c64cb8aafbacae0eea6231b0d86228c8a5d8940d"
            },
            "dist": {
                "type": "zip",
                "url": "https://api.github.com/repos/backdrop-dev/fonts/zipball/c64cb8aafbacae0eea6231b0d86228c8a5d8940d",
                "reference": "c64cb8aafbacae0eea6231b0d86228c8a5d8940d",
                "shasum": ""
            },
            "require": {
                "php": ">=7.1"
            },
            "default-branch": true,
            "type": "library",
            "autoload": {
                "psr-4": {
                    "Backdrop\\Fonts\\": "src/"
                }
            },
            "notification-url": "https://packagist.org/downloads/",
            "license": [
                "GPL-2.0-or-later"
            ],
            "authors": [
                {
                    "name": "Benjamin Lu",
                    "email": "benlumia007@gmail.com",
                    "homepage": "https://benjlu.com",
                    "role": "Developer"
                }
            ],
            "description": "Helper functions for loading Google Fonts locally.",
            "homepage": "https://github.com/backdrop-dev/fonts",
            "keywords": [
                "classicpress",
                "wordpress"
            ],
            "support": {
                "issues": "https://github.com/backdrop-dev/fonts/issues",
                "source": "https://github.com/backdrop-dev/fonts/tree/develop"
            },
            "time": "2025-11-20T18:01:21+00:00"
        },
        {
            "name": "backdrop-dev/framework",
            "version": "1.0.x-dev",
            "source": {
                "type": "git",
                "url": "https://github.com/backdrop-dev/framework.git",
                "reference": "41aad0f7485a44e2e13eab88a0060e815bb98314"
            },
            "dist": {
                "type": "zip",
                "url": "https://api.github.com/repos/backdrop-dev/framework/zipball/41aad0f7485a44e2e13eab88a0060e815bb98314",
                "reference": "41aad0f7485a44e2e13eab88a0060e815bb98314",
                "shasum": ""
            },
            "require": {
                "php": ">=7.4"
            },
            "type": "library",
            "autoload": {
                "files": [
                    "src/bootstrap-backdrop.php"
                ],
                "psr-4": {
                    "Backdrop\\": "src/"
                }
            },
            "notification-url": "https://packagist.org/downloads/",
            "license": [
                "GPL-2.0-or-later"
            ],
            "authors": [
                {
                    "name": "Benjamin Lu",
                    "email": "benlumia007@gmail.com",
                    "homepage": "https://benjlu.com",
                    "role": "Developer"
                }
            ],
            "description": "Backdrop Framework: A framework for developing ClassicPress and WordPress themes and plugins.",
            "homepage": "https://benjlu.com/project/backdrop-dev",
            "keywords": [
                "classicpress",
                "wordpress"
            ],
            "support": {
                "issues": "https://github.com/backdrop-dev/framework/issues",
                "source": "https://github.com/backdrop-dev/framework/tree/1.0"
            },
            "time": "2025-11-13T15:58:15+00:00"
        },
        {
            "name": "backdrop-dev/mix",
            "version": "dev-develop",
            "source": {
                "type": "git",
                "url": "https://github.com/backdrop-dev/mix.git",
                "reference": "60e8c47cd6ed7d9ea76462823ca2fe874ad0cf88"
            },
            "dist": {
                "type": "zip",
                "url": "https://api.github.com/repos/backdrop-dev/mix/zipball/60e8c47cd6ed7d9ea76462823ca2fe874ad0cf88",
                "reference": "60e8c47cd6ed7d9ea76462823ca2fe874ad0cf88",
                "shasum": ""
            },
            "require": {
                "php": ">=7.1"
            },
            "default-branch": true,
            "type": "library",
            "autoload": {
                "files": [
                    "src/functions-helpers.php"
                ],
                "psr-4": {
                    "Backdrop\\Mix\\": "src/"
                }
            },
            "notification-url": "https://packagist.org/downloads/",
            "license": [
                "GPL-2.0-or-later"
            ],
            "authors": [
                {
                    "name": "Benjamin Lu",
                    "email": "benlumia007@gmail.com",
                    "homepage": "https://benjlu.com",
                    "role": "Developer"
                }
            ],
            "description": "Backdrop Mix is a helper class for ClassicPress or WordPress plugins themes and plugins using Laravel Mix.",
            "homepage": "https://github.com/backdrop-dev/mix",
            "keywords": [
                "classicpress",
                "wordpress"
            ],
            "support": {
                "issues": "https://github.com/backdrop-dev/mix/issues",
                "source": "https://github.com/backdrop-dev/mix/tree/develop"
            },
            "time": "2025-11-07T00:16:32+00:00"
        }
    ],
    "packages-dev": [],
    "aliases": [],
    "minimum-stability": "dev",
    "stability-flags": {
        "backdrop-dev/fonts": 20,
        "backdrop-dev/framework": 20,
        "backdrop-dev/mix": 20
    },
    "prefer-stable": true,
    "prefer-lowest": false,
    "platform": {
        "php": ">=7.4"
    },
    "platform-dev": {},
    "plugin-api-version": "2.6.0"
}
