{
    "_readme": [
        "This file locks the dependencies of your project to a known state",
        "Read more about it at https://getcomposer.org/doc/01-basic-usage.md#installing-dependencies",
        "This file is @generated automatically"
    ],
    "content-hash": "2f712add1b4259ca5c13b87bd20693b1",
    "packages": [
        {
            "name": "benlumia007/backdrop",
            "version": "2.0.2",
            "source": {
                "type": "git",
                "url": "https://github.com/benlumia007/backdrop.git",
                "reference": "157af4fbf432bbcfdd1f919c796cc3b4c2e73146"
            },
            "dist": {
                "type": "zip",
                "url": "https://api.github.com/repos/benlumia007/backdrop/zipball/157af4fbf432bbcfdd1f919c796cc3b4c2e73146",
                "reference": "157af4fbf432bbcfdd1f919c796cc3b4c2e73146",
                "shasum": ""
            },
            "require": {
                "benlumia007/backdrop-container": "^1.0.0",
                "benlumia007/backdrop-contracts": "^1.0.0",
                "benlumia007/backdrop-proxies": "^1.0.0",
                "benlumia007/backdrop-support": "^1.0.0",
                "php": ">=7.4"
            },
            "type": "library",
            "autoload": {
                "psr-4": {
                    "Benlumia007\\Backdrop\\": "src/"
                }
            },
            "notification-url": "https://packagist.org/downloads/",
            "license": [
                "GPL-2.0-or-later"
            ],
            "authors": [
                {
                    "name": "Benjamin Lu",
                    "email": "benlumia007@gmail.com",
                    "homepage": "https://benjlu.com",
                    "role": "Developer"
                }
            ],
            "description": "A core that helps you build amazing themes",
            "homepage": "https://github.com/benlumia007/backdrop",
            "keywords": [
                "wordpress"
            ],
            "support": {
                "issues": "https://github.com/benlumia007/backdrop/issues",
                "source": "https://github.com/benlumia007/backdrop/tree/2.0.2"
            },
            "time": "2022-11-23T03:21:09+00:00"
        },
        {
            "name": "benlumia007/backdrop-container",
            "version": "1.0.1",
            "source": {
                "type": "git",
                "url": "https://github.com/benlumia007/backdrop-container.git",
                "reference": "8b4ea1ae88f6890e39b4756aff0803c10c58f225"
            },
            "dist": {
                "type": "zip",
                "url": "https://api.github.com/repos/benlumia007/backdrop-container/zipball/8b4ea1ae88f6890e39b4756aff0803c10c58f225",
                "reference": "8b4ea1ae88f6890e39b4756aff0803c10c58f225",
                "shasum": ""
            },
            "require": {
                "php": ">=7.4"
            },
            "type": "library",
            "autoload": {
                "psr-4": {
                    "Benlumia007\\Backdrop\\Container\\": "src"
                }
            },
            "notification-url": "https://packagist.org/downloads/",
            "license": [
                "GPL-2.0-or-later"
            ],
            "authors": [
                {
                    "name": "Benjamin Lu",
                    "email": "benlumia007@gmail.com",
                    "homepage": "https://benjlu.com",
                    "role": "Developer"
                }
            ],
            "description": "Backdrop Contracts for Backdrop framework.",
            "homepage": "https://github.com/benlumia007/backdrop-container",
            "keywords": [
                "classicpress",
                "wordpress"
            ],
            "support": {
                "issues": "https://github.com/benlumia007/backdrop-container/issues",
                "source": "https://github.com/benlumia007/backdrop-container/tree/1.0.1"
            },
            "time": "2022-11-23T03:59:13+00:00"
        },
        {
            "name": "benlumia007/backdrop-contracts",
            "version": "1.0.1",
            "source": {
                "type": "git",
                "url": "https://github.com/benlumia007/backdrop-contracts.git",
                "reference": "702aa4e483e7cc4d27bca1f38c39fd495ed67f90"
            },
            "dist": {
                "type": "zip",
                "url": "https://api.github.com/repos/benlumia007/backdrop-contracts/zipball/702aa4e483e7cc4d27bca1f38c39fd495ed67f90",
                "reference": "702aa4e483e7cc4d27bca1f38c39fd495ed67f90",
                "shasum": ""
            },
            "require": {
                "php": ">=7.4"
            },
            "type": "library",
            "autoload": {
                "psr-4": {
                    "Benlumia007\\Backdrop\\Contracts\\": "src"
                }
            },
            "notification-url": "https://packagist.org/downloads/",
            "license": [
                "GPL-2.0-or-later"
            ],
            "authors": [
                {
                    "name": "Benjamin Lu",
                    "email": "benlumia007@gmail.com",
                    "homepage": "https://benjlu.com",
                    "role": "Developer"
                }
            ],
            "description": "Backdrop Contracts for Backdrop framework.",
            "homepage": "https://github.com/benlumia007/backdrop-contracts",
            "keywords": [
                "classicpress",
                "wordpress"
            ],
            "support": {
                "issues": "https://github.com/benlumia007/backdrop-contracts/issues",
                "source": "https://github.com/benlumia007/backdrop-contracts/tree/1.0.1"
            },
            "time": "2022-11-23T04:04:44+00:00"
        },
        {
            "name": "benlumia007/backdrop-fontawesome",
            "version": "1.0.1",
            "source": {
                "type": "git",
                "url": "https://github.com/benlumia007/backdrop-fontawesome.git",
                "reference": "f20d78a3990f169f224a868cf30f5e2df040fb02"
            },
            "dist": {
                "type": "zip",
                "url": "https://api.github.com/repos/benlumia007/backdrop-fontawesome/zipball/f20d78a3990f169f224a868cf30f5e2df040fb02",
                "reference": "f20d78a3990f169f224a868cf30f5e2df040fb02",
                "shasum": ""
            },
            "require": {
                "php": ">=7.4"
            },
            "type": "library",
            "autoload": {
                "psr-4": {
                    "Benlumia007\\Backdrop\\FontAwesome\\": "src/"
                }
            },
            "notification-url": "https://packagist.org/downloads/",
            "license": [
                "GPL-2.0-or-later"
            ],
            "authors": [
                {
                    "name": "Benjamin Lu",
                    "email": "benlumia007@gmail.com",
                    "homepage": "https://benjlu.com",
                    "role": "Developer"
                }
            ],
            "description": "A core that helps you build amazing themes",
            "homepage": "https://github.com/benlumia007/backdrop-fontawesome",
            "keywords": [
                "wordpress"
            ],
            "support": {
                "issues": "https://github.com/benlumia007/backdrop-fontawesome/issues",
                "source": "https://github.com/benlumia007/backdrop-fontawesome/tree/1.0.1"
            },
            "time": "2022-11-23T03:27:31+00:00"
        },
        {
            "name": "benlumia007/backdrop-fonts",
            "version": "1.0.1",
            "source": {
                "type": "git",
                "url": "https://github.com/benlumia007/backdrop-fonts.git",
                "reference": "6257e301a11fb767c7573895b48c3f2b21b65b0a"
            },
            "dist": {
                "type": "zip",
                "url": "https://api.github.com/repos/benlumia007/backdrop-fonts/zipball/6257e301a11fb767c7573895b48c3f2b21b65b0a",
                "reference": "6257e301a11fb767c7573895b48c3f2b21b65b0a",
                "shasum": ""
            },
            "require": {
                "php": ">=7.4"
            },
            "type": "library",
            "autoload": {
                "psr-4": {
                    "Benlumia007\\Backdrop\\Fonts\\": "src/"
                }
            },
            "notification-url": "https://packagist.org/downloads/",
            "license": [
                "GPL-2.0-or-later"
            ],
            "authors": [
                {
                    "name": "Benjamin Lu",
                    "email": "benlumia007@gmail.com",
                    "homepage": "https://benjlu.com",
                    "role": "Developer"
                }
            ],
            "description": "A core that helps you build amazing themes",
            "homepage": "https://github.com/benlumia007/backdrop-googlefonts",
            "keywords": [
                "wordpress"
            ],
            "support": {
                "issues": "https://github.com/benlumia007/backdrop-fonts/issues",
                "source": "https://github.com/benlumia007/backdrop-fonts/tree/1.0.1"
            },
            "time": "2022-11-23T03:34:56+00:00"
        },
        {
            "name": "benlumia007/backdrop-mix-manifest",
            "version": "1.0.1",
            "source": {
                "type": "git",
                "url": "https://github.com/benlumia007/backdrop-mix-manifest.git",
                "reference": "6aae9e18d37fd06e12bbc6354534d62e60e401b2"
            },
            "dist": {
                "type": "zip",
                "url": "https://api.github.com/repos/benlumia007/backdrop-mix-manifest/zipball/6aae9e18d37fd06e12bbc6354534d62e60e401b2",
                "reference": "6aae9e18d37fd06e12bbc6354534d62e60e401b2",
                "shasum": ""
            },
            "require": {
                "php": ">=7.4"
            },
            "type": "library",
            "autoload": {
                "files": [
                    "src/functions-helpers.php"
                ],
                "psr-4": {
                    "Benlumia007\\Backdrop\\Mix\\Manifest\\": "src/"
                }
            },
            "notification-url": "https://packagist.org/downloads/",
            "license": [
                "GPL-2.0-or-later"
            ],
            "authors": [
                {
                    "name": "Benjamin Lu",
                    "email": "benlumia007@gmail.com",
                    "homepage": "https://benjlu.com",
                    "role": "Developer"
                }
            ],
            "description": "A core that helps you build amazing themes",
            "homepage": "https://github.com/benlumia007/backdrop-mix-manifest",
            "keywords": [
                "wordpress"
            ],
            "support": {
                "issues": "https://github.com/benlumia007/backdrop-mix-manifest/issues",
                "source": "https://github.com/benlumia007/backdrop-mix-manifest/tree/1.0.1"
            },
            "time": "2022-11-23T03:37:59+00:00"
        },
        {
            "name": "benlumia007/backdrop-proxies",
            "version": "1.0.1",
            "source": {
                "type": "git",
                "url": "https://github.com/benlumia007/backdrop-proxies.git",
                "reference": "d9ab0fd144b66fa0b203edb39a391b5ea604ee7a"
            },
            "dist": {
                "type": "zip",
                "url": "https://api.github.com/repos/benlumia007/backdrop-proxies/zipball/d9ab0fd144b66fa0b203edb39a391b5ea604ee7a",
                "reference": "d9ab0fd144b66fa0b203edb39a391b5ea604ee7a",
                "shasum": ""
            },
            "require": {
                "php": ">=7.4"
            },
            "type": "library",
            "autoload": {
                "psr-4": {
                    "Benlumia007\\Backdrop\\Proxies\\": "src"
                }
            },
            "notification-url": "https://packagist.org/downloads/",
            "license": [
                "GPL-2.0-or-later"
            ],
            "authors": [
                {
                    "name": "Benjamin Lu",
                    "email": "benlumia007@gmail.com",
                    "homepage": "https://benjlu.com",
                    "role": "Developer"
                }
            ],
            "description": "Backdrop Contracts for Backdrop framework.",
            "homepage": "https://github.com/benlumia007/backdrop-proxies",
            "keywords": [
                "classicpress",
                "wordpress"
            ],
            "support": {
                "issues": "https://github.com/benlumia007/backdrop-proxies/issues",
                "source": "https://github.com/benlumia007/backdrop-proxies/tree/1.0.1"
            },
            "time": "2022-11-23T04:07:12+00:00"
        },
        {
            "name": "benlumia007/backdrop-support",
            "version": "1.0.1",
            "source": {
                "type": "git",
                "url": "https://github.com/benlumia007/backdrop-support.git",
                "reference": "06cde59db90a97f6b1e11bb9766c2e9bfc8d1066"
            },
            "dist": {
                "type": "zip",
                "url": "https://api.github.com/repos/benlumia007/backdrop-support/zipball/06cde59db90a97f6b1e11bb9766c2e9bfc8d1066",
                "reference": "06cde59db90a97f6b1e11bb9766c2e9bfc8d1066",
                "shasum": ""
            },
            "require": {
                "php": ">=7.4"
            },
            "type": "library",
            "autoload": {
                "psr-4": {
                    "Benlumia007\\Backdrop\\Support\\": "src"
                }
            },
            "notification-url": "https://packagist.org/downloads/",
            "license": [
                "GPL-2.0-or-later"
            ],
            "authors": [
                {
                    "name": "Benjamin Lu",
                    "email": "benlumia007@gmail.com",
                    "homepage": "https://benjlu.com",
                    "role": "Developer"
                }
            ],
            "description": "Backdrop Contracts for Backdrop framework.",
            "homepage": "https://github.com/benlumia007/backdrop-support",
            "keywords": [
                "classicpress",
                "wordpress"
            ],
            "support": {
                "issues": "https://github.com/benlumia007/backdrop-support/issues",
                "source": "https://github.com/benlumia007/backdrop-support/tree/1.0.1"
            },
            "time": "2022-11-23T04:01:02+00:00"
        },
        {
            "name": "benlumia007/backdrop-template-helpers",
            "version": "1.0.1",
            "source": {
                "type": "git",
                "url": "https://github.com/benlumia007/backdrop-template-helpers.git",
                "reference": "b623f6a329a0a4899fe49dcdeebf47ba6274abaf"
            },
            "dist": {
                "type": "zip",
                "url": "https://api.github.com/repos/benlumia007/backdrop-template-helpers/zipball/b623f6a329a0a4899fe49dcdeebf47ba6274abaf",
                "reference": "b623f6a329a0a4899fe49dcdeebf47ba6274abaf",
                "shasum": ""
            },
            "require": {
                "php": ">=7.4"
            },
            "type": "library",
            "autoload": {
                "files": [
                    "src/functions-helpers.php"
                ],
                "psr-4": {
                    "Benlumia007\\Backdrop\\Template\\Helpers\\": "src/"
                }
            },
            "notification-url": "https://packagist.org/downloads/",
            "license": [
                "GPL-2.0-or-later"
            ],
            "authors": [
                {
                    "name": "Benjamin Lu",
                    "email": "benlumia007@gmail.com",
                    "homepage": "https://benjlu.com",
                    "role": "Developer"
                }
            ],
            "description": "A core that helps you build amazing themes",
            "homepage": "https://github.com/benlumia007/backdrop-template-helpers",
            "keywords": [
                "wordpress"
            ],
            "support": {
                "issues": "https://github.com/benlumia007/backdrop-template-helpers/issues",
                "source": "https://github.com/benlumia007/backdrop-template-helpers/tree/1.0.1"
            },
            "time": "2022-11-23T04:11:59+00:00"
        },
        {
            "name": "benlumia007/backdrop-template-hierarchy",
            "version": "1.0.1",
            "source": {
                "type": "git",
                "url": "https://github.com/benlumia007/backdrop-template-hierarchy.git",
                "reference": "d71280e249963a350c0535461c3810c0b42a2dc5"
            },
            "dist": {
                "type": "zip",
                "url": "https://api.github.com/repos/benlumia007/backdrop-template-hierarchy/zipball/d71280e249963a350c0535461c3810c0b42a2dc5",
                "reference": "d71280e249963a350c0535461c3810c0b42a2dc5",
                "shasum": ""
            },
            "require": {
                "benlumia007/backdrop-template-helpers": "^1.0.0",
                "php": ">=7.4"
            },
            "type": "library",
            "autoload": {
                "psr-4": {
                    "Benlumia007\\Backdrop\\Template\\Hierarchy\\": "src/"
                }
            },
            "notification-url": "https://packagist.org/downloads/",
            "license": [
                "GPL-2.0-or-later"
            ],
            "authors": [
                {
                    "name": "Benjamin Lu",
                    "email": "benlumia007@gmail.com",
                    "homepage": "https://benjlu.com",
                    "role": "Developer"
                }
            ],
            "description": "A core that helps you build amazing themes",
            "homepage": "https://github.com/benlumia007/backdrop-template-hierarchy",
            "keywords": [
                "wordpress"
            ],
            "support": {
                "issues": "https://github.com/benlumia007/backdrop-template-hierarchy/issues",
                "source": "https://github.com/benlumia007/backdrop-template-hierarchy/tree/1.0.1"
            },
            "time": "2022-11-23T03:41:24+00:00"
        },
        {
            "name": "benlumia007/backdrop-template-manager",
            "version": "1.0.1",
            "source": {
                "type": "git",
                "url": "https://github.com/benlumia007/backdrop-template-manager.git",
                "reference": "0f593fc68ebc7d786882079c5b6edd1723569074"
            },
            "dist": {
                "type": "zip",
                "url": "https://api.github.com/repos/benlumia007/backdrop-template-manager/zipball/0f593fc68ebc7d786882079c5b6edd1723569074",
                "reference": "0f593fc68ebc7d786882079c5b6edd1723569074",
                "shasum": ""
            },
            "require": {
                "benlumia007/backdrop-template-helpers": "^1.0.0",
                "benlumia007/backdrop-tools": "^1.0.0",
                "php": ">=7.4"
            },
            "type": "library",
            "autoload": {
                "psr-4": {
                    "Benlumia007\\Backdrop\\Template\\Manager\\": "src/"
                }
            },
            "notification-url": "https://packagist.org/downloads/",
            "license": [
                "GPL-2.0-or-later"
            ],
            "authors": [
                {
                    "name": "Benjamin Lu",
                    "email": "benlumia007@gmail.com",
                    "homepage": "https://benjlu.com",
                    "role": "Developer"
                }
            ],
            "description": "A core that helps you build amazing themes",
            "homepage": "https://github.com/benlumia007/backdrop-template-manager",
            "keywords": [
                "wordpress"
            ],
            "support": {
                "issues": "https://github.com/benlumia007/backdrop-template-manager/issues",
                "source": "https://github.com/benlumia007/backdrop-template-manager/tree/1.0.1"
            },
            "time": "2022-11-23T03:43:34+00:00"
        },
        {
            "name": "benlumia007/backdrop-template-view",
            "version": "1.0.1",
            "source": {
                "type": "git",
                "url": "https://github.com/benlumia007/backdrop-template-view.git",
                "reference": "44af5b093134db8d8deb5d6aeee897916e0c4448"
            },
            "dist": {
                "type": "zip",
                "url": "https://api.github.com/repos/benlumia007/backdrop-template-view/zipball/44af5b093134db8d8deb5d6aeee897916e0c4448",
                "reference": "44af5b093134db8d8deb5d6aeee897916e0c4448",
                "shasum": ""
            },
            "require": {
                "benlumia007/backdrop-template-helpers": "^1.0.0",
                "benlumia007/backdrop-tools": "^1.0.0",
                "php": ">=7.4"
            },
            "type": "library",
            "autoload": {
                "psr-4": {
                    "Benlumia007\\Backdrop\\Template\\View\\": "src/"
                }
            },
            "notification-url": "https://packagist.org/downloads/",
            "license": [
                "GPL-2.0-or-later"
            ],
            "authors": [
                {
                    "name": "Benjamin Lu",
                    "email": "benlumia007@gmail.com",
                    "homepage": "https://benjlu.com",
                    "role": "Developer"
                }
            ],
            "description": "A core that helps you build amazing themes",
            "homepage": "https://github.com/benlumia007/backdrop-template-view",
            "keywords": [
                "wordpress"
            ],
            "support": {
                "issues": "https://github.com/benlumia007/backdrop-template-view/issues",
                "source": "https://github.com/benlumia007/backdrop-template-view/tree/1.0.1"
            },
            "time": "2022-11-23T03:46:26+00:00"
        },
        {
            "name": "benlumia007/backdrop-theme",
            "version": "1.0.1",
            "source": {
                "type": "git",
                "url": "https://github.com/benlumia007/backdrop-theme.git",
                "reference": "7c7e8682704b1ecc2441f69fc39f1e73a1b8f4fb"
            },
            "dist": {
                "type": "zip",
                "url": "https://api.github.com/repos/benlumia007/backdrop-theme/zipball/7c7e8682704b1ecc2441f69fc39f1e73a1b8f4fb",
                "reference": "7c7e8682704b1ecc2441f69fc39f1e73a1b8f4fb",
                "shasum": ""
            },
            "require": {
                "php": ">=7.4"
            },
            "type": "library",
            "autoload": {
                "files": [
                    "src/Menu/functions-menu.php",
                    "src/Sidebar/functions-sidebar.php",
                    "src/functions-filters.php",
                    "src/functions-setup.php"
                ],
                "psr-4": {
                    "Benlumia007\\Backdrop\\Theme\\": "src/"
                }
            },
            "notification-url": "https://packagist.org/downloads/",
            "license": [
                "GPL-2.0-or-later"
            ],
            "authors": [
                {
                    "name": "Benjamin Lu",
                    "email": "benlumia007@gmail.com",
                    "homepage": "https://benjlu.com",
                    "role": "Developer"
                }
            ],
            "description": "A core that helps you build amazing themes",
            "homepage": "https://github.com/benlumia007/backdrop-theme",
            "keywords": [
                "wordpress"
            ],
            "support": {
                "issues": "https://github.com/benlumia007/backdrop-theme/issues",
                "source": "https://github.com/benlumia007/backdrop-theme/tree/1.0.1"
            },
            "time": "2022-11-23T09:02:57+00:00"
        },
        {
            "name": "benlumia007/backdrop-tools",
            "version": "1.0.1",
            "source": {
                "type": "git",
                "url": "https://github.com/benlumia007/backdrop-tools.git",
                "reference": "a519268d06c7d249364c605872e1792f383cb502"
            },
            "dist": {
                "type": "zip",
                "url": "https://api.github.com/repos/benlumia007/backdrop-tools/zipball/a519268d06c7d249364c605872e1792f383cb502",
                "reference": "a519268d06c7d249364c605872e1792f383cb502",
                "shasum": ""
            },
            "require": {
                "php": ">=7.4"
            },
            "type": "library",
            "autoload": {
                "psr-4": {
                    "Benlumia007\\Backdrop\\Tools\\": "src/"
                }
            },
            "notification-url": "https://packagist.org/downloads/",
            "license": [
                "GPL-2.0-or-later"
            ],
            "authors": [
                {
                    "name": "Benjamin Lu",
                    "email": "benlumia007@gmail.com",
                    "homepage": "https://benjlu.com",
                    "role": "Developer"
                }
            ],
            "description": "A core that helps you build amazing themes",
            "homepage": "https://github.com/benlumia007/backdrop-tools",
            "keywords": [
                "wordpress"
            ],
            "support": {
                "issues": "https://github.com/benlumia007/backdrop-tools/issues",
                "source": "https://github.com/benlumia007/backdrop-tools/tree/1.0.1"
            },
            "time": "2022-11-23T04:10:23+00:00"
        }
    ],
    "packages-dev": [],
    "aliases": [],
    "minimum-stability": "dev",
    "stability-flags": [],
    "prefer-stable": true,
    "prefer-lowest": false,
    "platform": {
        "php": ">=7.4"
    },
    "platform-dev": [],
    "plugin-api-version": "2.3.0"
}
