{
    "_readme": [
        "This file locks the dependencies of your project to a known state",
        "Read more about it at https://getcomposer.org/doc/01-basic-usage.md#installing-dependencies",
        "This file is @generated automatically"
    ],
    "content-hash": "28c97cb8474cbe159e1426fd57c7e561",
    "packages": [
        {
            "name": "backdrop-dev/contracts",
            "version": "1.0",
            "source": {
                "type": "git",
                "url": "https://github.com/backdrop-dev/contracts.git",
                "reference": "4dd506178abea2fc83cf80531ebc7af96deb85e8"
            },
            "dist": {
                "type": "zip",
                "url": "https://api.github.com/repos/backdrop-dev/contracts/zipball/4dd506178abea2fc83cf80531ebc7af96deb85e8",
                "reference": "4dd506178abea2fc83cf80531ebc7af96deb85e8",
                "shasum": ""
            },
            "require": {
                "php": ">=7.1"
            },
            "type": "library",
            "autoload": {
                "psr-4": {
                    "Backdrop\\Contracts\\": "src"
                }
            },
            "notification-url": "https://packagist.org/downloads/",
            "license": [
                "GPL-2.0-or-later"
            ],
            "authors": [
                {
                    "name": "Benjamin Lu",
                    "email": "benlumia007@gmail.com",
                    "homepage": "https://benjlu.com",
                    "role": "Developer"
                }
            ],
            "description": "Backdrop Contracts for Backdrop framework.",
            "homepage": "https://github.com/benlumia007/backdrop-contracts",
            "keywords": [
                "classicpress",
                "wordpress"
            ],
            "support": {
                "issues": "https://github.com/benlumia007/backdrop-contracts/issues",
                "source": "https://github.com/backdrop-dev/contracts/tree/1.0"
            },
            "time": "2024-07-16T18:06:26+00:00"
        },
        {
            "name": "backdrop-dev/customize",
            "version": "dev-develop",
            "source": {
                "type": "git",
                "url": "https://github.com/backdrop-dev/customize.git",
                "reference": "fe9342d7b36b7b39d1fd81149307f510305f5de3"
            },
            "dist": {
                "type": "zip",
                "url": "https://api.github.com/repos/backdrop-dev/customize/zipball/fe9342d7b36b7b39d1fd81149307f510305f5de3",
                "reference": "fe9342d7b36b7b39d1fd81149307f510305f5de3",
                "shasum": ""
            },
            "require": {
                "php": ">=7.1"
            },
            "default-branch": true,
            "type": "library",
            "autoload": {
                "psr-4": {
                    "Backdrop\\Customize\\": "src/"
                }
            },
            "notification-url": "https://packagist.org/downloads/",
            "license": [
                "GPL-2.0-or-later"
            ],
            "authors": [
                {
                    "name": "Benjamin Lu",
                    "email": "benlumia007@gmail.com",
                    "homepage": "https://benjlu.com",
                    "role": "Developer"
                }
            ],
            "description": "Additional ClassicPress and WordPress theme customizer for Backdrop framework.",
            "homepage": "https://github.com/backdrop-dev/customize",
            "keywords": [
                "classicpress",
                "wordpress"
            ],
            "support": {
                "issues": "https://github.com/backdrop-dev/customize/issues",
                "source": "https://github.com/backdrop-dev/customize/tree/develop"
            },
            "time": "2024-09-11T05:54:53+00:00"
        },
        {
            "name": "backdrop-dev/fonts",
            "version": "dev-develop",
            "source": {
                "type": "git",
                "url": "https://github.com/backdrop-dev/fonts.git",
                "reference": "29f4a2043861d322f379dd9b95c4fb204239f8dc"
            },
            "dist": {
                "type": "zip",
                "url": "https://api.github.com/repos/backdrop-dev/fonts/zipball/29f4a2043861d322f379dd9b95c4fb204239f8dc",
                "reference": "29f4a2043861d322f379dd9b95c4fb204239f8dc",
                "shasum": ""
            },
            "require": {
                "php": ">=7.1"
            },
            "default-branch": true,
            "type": "library",
            "autoload": {
                "psr-4": {
                    "Backdrop\\Fonts\\": "src/"
                }
            },
            "notification-url": "https://packagist.org/downloads/",
            "license": [
                "GPL-2.0-or-later"
            ],
            "authors": [
                {
                    "name": "Benjamin Lu",
                    "email": "benlumia007@gmail.com",
                    "homepage": "https://benjlu.com",
                    "role": "Developer"
                }
            ],
            "description": "Helper functions for loading Google Fonts locally.",
            "homepage": "https://github.com/backdrop-dev/fonts",
            "keywords": [
                "classicpress",
                "wordpress"
            ],
            "support": {
                "issues": "https://github.com/backdrop-dev/fonts/issues",
                "source": "https://github.com/backdrop-dev/fonts/tree/develop"
            },
            "time": "2024-07-17T22:48:41+00:00"
        },
        {
            "name": "backdrop-dev/framework",
            "version": "dev-develop",
            "source": {
                "type": "git",
                "url": "https://github.com/backdrop-dev/framework.git",
                "reference": "850999224860bf53ff0952a0841de41c24db4b13"
            },
            "dist": {
                "type": "zip",
                "url": "https://api.github.com/repos/backdrop-dev/framework/zipball/850999224860bf53ff0952a0841de41c24db4b13",
                "reference": "850999224860bf53ff0952a0841de41c24db4b13",
                "shasum": ""
            },
            "require": {
                "backdrop-dev/contracts": "^1.0",
                "php": ">=7.4"
            },
            "default-branch": true,
            "type": "library",
            "autoload": {
                "files": [
                    "src/functions-helpers.php"
                ],
                "psr-4": {
                    "Backdrop\\": "src/"
                }
            },
            "notification-url": "https://packagist.org/downloads/",
            "license": [
                "GPL-2.0-or-later"
            ],
            "authors": [
                {
                    "name": "Benjamin Lu",
                    "email": "benlumia007@gmail.com",
                    "homepage": "https://benjlu.com",
                    "role": "Developer"
                }
            ],
            "description": "Backdrop Framework: A framework for developing ClassicPress and WordPress themes and plugins.",
            "homepage": "https://benjlu.com/project/backdrop-dev",
            "keywords": [
                "classicpress",
                "wordpress"
            ],
            "support": {
                "issues": "https://github.com/backdrop-dev/framework/issues",
                "source": "https://github.com/backdrop-dev/framework/tree/develop"
            },
            "time": "2024-08-11T03:48:27+00:00"
        },
        {
            "name": "backdrop-dev/languages",
            "version": "dev-develop",
            "source": {
                "type": "git",
                "url": "https://github.com/backdrop-dev/languages.git",
                "reference": "b591867426eaec29e93eb10853abf75f6ea9fd1e"
            },
            "dist": {
                "type": "zip",
                "url": "https://api.github.com/repos/backdrop-dev/languages/zipball/b591867426eaec29e93eb10853abf75f6ea9fd1e",
                "reference": "b591867426eaec29e93eb10853abf75f6ea9fd1e",
                "shasum": ""
            },
            "require": {
                "php": ">=7.1"
            },
            "default-branch": true,
            "type": "library",
            "autoload": {
                "files": [
                    "src/functions-helpers.php"
                ],
                "psr-4": {
                    "Backdrop\\Languages\\": "src/"
                }
            },
            "notification-url": "https://packagist.org/downloads/",
            "license": [
                "GPL-2.0-or-later"
            ],
            "authors": [
                {
                    "name": "Benjamin Lu",
                    "email": "benlumia007@gmail.com",
                    "homepage": "https://luthemes.com",
                    "role": "Developer"
                }
            ],
            "description": "Languages deals with loading textdomains and locale-specific function files, an add-on for the Backdrop framework.",
            "homepage": "https://github.com/backdrop-dev/languages",
            "keywords": [
                "wordpress"
            ],
            "support": {
                "issues": "https://github.com/backdrop-dev/languages/issues",
                "source": "https://github.com/backdrop-dev/languages/tree/develop"
            },
            "time": "2024-07-19T14:59:22+00:00"
        },
        {
            "name": "backdrop-dev/mix",
            "version": "dev-develop",
            "source": {
                "type": "git",
                "url": "https://github.com/backdrop-dev/mix.git",
                "reference": "d06867563d0bc137773976ba7d6259fa5623fce5"
            },
            "dist": {
                "type": "zip",
                "url": "https://api.github.com/repos/backdrop-dev/mix/zipball/d06867563d0bc137773976ba7d6259fa5623fce5",
                "reference": "d06867563d0bc137773976ba7d6259fa5623fce5",
                "shasum": ""
            },
            "require": {
                "php": ">=7.1"
            },
            "default-branch": true,
            "type": "library",
            "autoload": {
                "files": [
                    "src/functions-helpers.php"
                ],
                "psr-4": {
                    "Backdrop\\Mix\\": "src/"
                }
            },
            "notification-url": "https://packagist.org/downloads/",
            "license": [
                "GPL-2.0-or-later"
            ],
            "authors": [
                {
                    "name": "Benjamin Lu",
                    "email": "benlumia007@gmail.com",
                    "homepage": "https://benjlu.com",
                    "role": "Developer"
                }
            ],
            "description": "Backdrop Mix is a helper class for ClassicPress or WordPress plugins themes and plugins using Laravel Mix.",
            "homepage": "https://github.com/backdrop-dev/mix",
            "keywords": [
                "classicpress",
                "wordpress"
            ],
            "support": {
                "issues": "https://github.com/backdrop-dev/mix/issues",
                "source": "https://github.com/backdrop-dev/mix/tree/develop"
            },
            "time": "2024-07-17T18:43:56+00:00"
        },
        {
            "name": "backdrop-dev/pagination",
            "version": "dev-develop",
            "source": {
                "type": "git",
                "url": "https://github.com/backdrop-dev/pagination.git",
                "reference": "9ada431a5a65e18b959305d91877f888f215c872"
            },
            "dist": {
                "type": "zip",
                "url": "https://api.github.com/repos/backdrop-dev/pagination/zipball/9ada431a5a65e18b959305d91877f888f215c872",
                "reference": "9ada431a5a65e18b959305d91877f888f215c872",
                "shasum": ""
            },
            "require": {
                "php": ">=7.4"
            },
            "default-branch": true,
            "type": "library",
            "autoload": {
                "files": [
                    "src/functions-helpers.php"
                ],
                "psr-4": {
                    "Backdrop\\Pagination\\": "src/"
                }
            },
            "notification-url": "https://packagist.org/downloads/",
            "license": [
                "GPL-2.0-or-later"
            ],
            "authors": [
                {
                    "name": "Benjamin Lu",
                    "email": "benlumia007@gmail.com",
                    "homepage": "https://luthemes.com",
                    "role": "Developer"
                }
            ],
            "description": "Enhanced pagination add-on for the Backdrop framework.",
            "homepage": "https://github.com/backdrop-dev/pagination",
            "keywords": [
                "wordpress"
            ],
            "support": {
                "issues": "https://github.com/backdrop-dev/pagination/issues",
                "source": "https://github.com/backdrop-dev/pagination/tree/develop"
            },
            "time": "2024-10-25T15:08:23+00:00"
        },
        {
            "name": "backdrop-dev/template-helpers",
            "version": "1.0",
            "source": {
                "type": "git",
                "url": "https://github.com/backdrop-dev/template-helpers.git",
                "reference": "9b3b65bb088276a4fd4fe51ac53afd559b581cb9"
            },
            "dist": {
                "type": "zip",
                "url": "https://api.github.com/repos/backdrop-dev/template-helpers/zipball/9b3b65bb088276a4fd4fe51ac53afd559b581cb9",
                "reference": "9b3b65bb088276a4fd4fe51ac53afd559b581cb9",
                "shasum": ""
            },
            "require": {
                "php": ">=7.1"
            },
            "type": "library",
            "autoload": {
                "files": [
                    "src/functions-helpers.php"
                ],
                "psr-4": {
                    "Backdrop\\Template\\Helpers\\": "src/"
                }
            },
            "notification-url": "https://packagist.org/downloads/",
            "license": [
                "GPL-2.0-or-later"
            ],
            "authors": [
                {
                    "name": "Benjamin Lu",
                    "email": "benlumia007@gmail.com",
                    "homepage": "https://benjlu.com",
                    "role": "Developer"
                }
            ],
            "description": "Backdrop Template Helpers is set a helper functions for setting the path, locations, and filtering templates.",
            "homepage": "https://github.com/backdrop-dev/template-helpers",
            "keywords": [
                "classicpress",
                "wordpress"
            ],
            "support": {
                "issues": "https://github.com/backdrop-dev/template-helpers/issues",
                "source": "https://github.com/backdrop-dev/template-helpers/tree/1.0"
            },
            "time": "2023-06-11T17:02:35+00:00"
        },
        {
            "name": "backdrop-dev/template-hierarchy",
            "version": "dev-develop",
            "source": {
                "type": "git",
                "url": "https://github.com/backdrop-dev/template-hierarchy.git",
                "reference": "dd5d433a3ef4d783921df3aece4bb8e54392f2eb"
            },
            "dist": {
                "type": "zip",
                "url": "https://api.github.com/repos/backdrop-dev/template-hierarchy/zipball/dd5d433a3ef4d783921df3aece4bb8e54392f2eb",
                "reference": "dd5d433a3ef4d783921df3aece4bb8e54392f2eb",
                "shasum": ""
            },
            "require": {
                "backdrop-dev/template-helpers": "^1.0",
                "php": ">=7.1"
            },
            "default-branch": true,
            "type": "library",
            "autoload": {
                "files": [
                    "src/functions-helpers.php"
                ],
                "psr-4": {
                    "Backdrop\\Template\\Hierarchy\\": "src/"
                }
            },
            "notification-url": "https://packagist.org/downloads/",
            "license": [
                "GPL-2.0-or-later"
            ],
            "authors": [
                {
                    "name": "Benjamin Lu",
                    "email": "benlumia007@gmail.com",
                    "homepage": "https://benjlu.com",
                    "role": "Developer"
                }
            ],
            "description": "A smarter and flexible template hierarchy.",
            "homepage": "https://github.com/backdrop-dev/template-hierarchy",
            "keywords": [
                "classicpress",
                "wordpress"
            ],
            "support": {
                "issues": "https://github.com/backdrop-dev/template-hierarchy/issues",
                "source": "https://github.com/backdrop-dev/template-hierarchy/tree/develop"
            },
            "time": "2024-07-16T18:22:24+00:00"
        },
        {
            "name": "backdrop-dev/template-manager",
            "version": "dev-develop",
            "source": {
                "type": "git",
                "url": "https://github.com/backdrop-dev/template-manager.git",
                "reference": "a4fb4a62fcc2cff1cf5a9ed9ef611e0b6d83ad09"
            },
            "dist": {
                "type": "zip",
                "url": "https://api.github.com/repos/backdrop-dev/template-manager/zipball/a4fb4a62fcc2cff1cf5a9ed9ef611e0b6d83ad09",
                "reference": "a4fb4a62fcc2cff1cf5a9ed9ef611e0b6d83ad09",
                "shasum": ""
            },
            "require": {
                "backdrop-dev/template-helpers": "^1.0",
                "backdrop-dev/tools": "^1.0",
                "php": ">=7.1"
            },
            "default-branch": true,
            "type": "library",
            "autoload": {
                "psr-4": {
                    "Backdrop\\Template\\Manager\\": "src/"
                }
            },
            "notification-url": "https://packagist.org/downloads/",
            "license": [
                "GPL-2.0-or-later"
            ],
            "authors": [
                {
                    "name": "Benjamin Lu",
                    "email": "benlumia007@gmail.com",
                    "homepage": "https://benjlu.com",
                    "role": "Developer"
                }
            ],
            "description": "Custom templates for registering custom post templates, it works for any object type (e.g., post, term, user, etc.), but does not add any UI elements of its own.",
            "homepage": "https://github.com/benlumia007/backdrop-template-manager",
            "keywords": [
                "wordpress"
            ],
            "support": {
                "issues": "https://github.com/backdrop-dev/template-manager/issues",
                "source": "https://github.com/backdrop-dev/template-manager/tree/develop"
            },
            "time": "2024-07-19T14:55:05+00:00"
        },
        {
            "name": "backdrop-dev/theme",
            "version": "dev-develop",
            "source": {
                "type": "git",
                "url": "https://github.com/backdrop-dev/theme.git",
                "reference": "b2430ace7d9ba27077f4bb902eddfc0d2e01af23"
            },
            "dist": {
                "type": "zip",
                "url": "https://api.github.com/repos/backdrop-dev/theme/zipball/b2430ace7d9ba27077f4bb902eddfc0d2e01af23",
                "reference": "b2430ace7d9ba27077f4bb902eddfc0d2e01af23",
                "shasum": ""
            },
            "require": {
                "php": ">=7.1"
            },
            "default-branch": true,
            "type": "library",
            "autoload": {
                "files": [
                    "src/bootstrap-theme.php"
                ],
                "psr-4": {
                    "Backdrop\\Theme\\": "src/"
                }
            },
            "notification-url": "https://packagist.org/downloads/",
            "license": [
                "GPL-2.0-or-later"
            ],
            "authors": [
                {
                    "name": "Benjamin Lu",
                    "email": "benlumia007@gmail.com",
                    "homepage": "https://benjlu.com",
                    "role": "Developer"
                }
            ],
            "description": "Backdrop Theme is a collection of helper functions and filters to aid in theme development.",
            "homepage": "https://github.com/backdrop-dev/theme",
            "keywords": [
                "classicpress",
                "wordpress"
            ],
            "support": {
                "issues": "https://github.com/backdrop-dev/theme/issues",
                "source": "https://github.com/backdrop-dev/theme/tree/develop"
            },
            "time": "2024-09-16T00:54:29+00:00"
        },
        {
            "name": "backdrop-dev/tools",
            "version": "v1.0.0",
            "source": {
                "type": "git",
                "url": "https://github.com/backdrop-dev/tools.git",
                "reference": "87952fa45742aa302ff2f9180eb39f6b2ae29a46"
            },
            "dist": {
                "type": "zip",
                "url": "https://api.github.com/repos/backdrop-dev/tools/zipball/87952fa45742aa302ff2f9180eb39f6b2ae29a46",
                "reference": "87952fa45742aa302ff2f9180eb39f6b2ae29a46",
                "shasum": ""
            },
            "require": {
                "php": ">=7.1"
            },
            "type": "library",
            "autoload": {
                "psr-4": {
                    "Backdrop\\Tools\\": "src/"
                }
            },
            "notification-url": "https://packagist.org/downloads/",
            "license": [
                "GPL-2.0-or-later"
            ],
            "authors": [
                {
                    "name": "Benjamin Lu",
                    "email": "benlumia007@gmail.com",
                    "homepage": "https://benjlu.com",
                    "role": "Developer"
                }
            ],
            "description": "Backdrop Tools is a collection of helper classes and functions for developing themes and plugins.",
            "homepage": "https://github.com/backdrop-dev/tools",
            "keywords": [
                "classicpress",
                "wordpress"
            ],
            "support": {
                "issues": "https://github.com/backdrop-dev/tools/issues",
                "source": "https://github.com/backdrop-dev/tools/tree/v1.0.0"
            },
            "time": "2023-06-11T17:28:39+00:00"
        },
        {
            "name": "backdrop-dev/view",
            "version": "dev-develop",
            "source": {
                "type": "git",
                "url": "https://github.com/backdrop-dev/view.git",
                "reference": "d2415ead3597495bfe48a6ef60398e8761edc3fa"
            },
            "dist": {
                "type": "zip",
                "url": "https://api.github.com/repos/backdrop-dev/view/zipball/d2415ead3597495bfe48a6ef60398e8761edc3fa",
                "reference": "d2415ead3597495bfe48a6ef60398e8761edc3fa",
                "shasum": ""
            },
            "require": {
                "backdrop-dev/template-helpers": "^1.0",
                "backdrop-dev/tools": "^1.0",
                "php": ">=7.1"
            },
            "default-branch": true,
            "type": "library",
            "autoload": {
                "files": [
                    "src/functions-helpers.php"
                ],
                "psr-4": {
                    "Backdrop\\View\\": "src/"
                }
            },
            "notification-url": "https://packagist.org/downloads/",
            "license": [
                "GPL-2.0-or-later"
            ],
            "authors": [
                {
                    "name": "Benjamin Lu",
                    "email": "benlumia007@gmail.com",
                    "homepage": "https://benjlu.com",
                    "role": "Developer"
                }
            ],
            "description": "System for setting up and rendering theme template files. Views are a bit like a suped-up version of the core WordPress get_template_part() function.",
            "homepage": "https://github.com/backdrop-dev/view",
            "keywords": [
                "classicpress",
                "wordpress"
            ],
            "support": {
                "issues": "https://github.com/backdrop-dev/view/issues",
                "source": "https://github.com/backdrop-dev/view/tree/develop"
            },
            "time": "2024-07-16T20:39:56+00:00"
        }
    ],
    "packages-dev": [],
    "aliases": [],
    "minimum-stability": "dev",
    "stability-flags": {
        "backdrop-dev/customize": 20,
        "backdrop-dev/fonts": 20,
        "backdrop-dev/framework": 20,
        "backdrop-dev/languages": 20,
        "backdrop-dev/mix": 20,
        "backdrop-dev/pagination": 20,
        "backdrop-dev/template-hierarchy": 20,
        "backdrop-dev/template-manager": 20,
        "backdrop-dev/theme": 20,
        "backdrop-dev/view": 20
    },
    "prefer-stable": true,
    "prefer-lowest": false,
    "platform": {
        "php": ">=7.4"
    },
    "platform-dev": [],
    "plugin-api-version": "2.6.0"
}
